
Microsoft Visual Studio Solution File, Format Version 12.00
# Visual Studio 2012
Project("{FAE04EC0-301F-11D3-BF4B-00C04F79EFBC}") = "THRVI", "THRVI\THRVI.csproj", "{E41DEB3F-1562-4A0F-AD50-2AAAE8BE8291}"
EndProject
Project("{FAE04EC0-301F-11D3-BF4B-00C04F79EFBC}") = "THRVI.UITests", "THRVI.UITests\THRVI.UITests.csproj", "{9268B9E9-7FA1-42B1-A9D4-C7B0681DCD78}"
EndProject
Global
	GlobalSection(SolutionConfigurationPlatforms) = preSolution
		Debug|Any CPU = Debug|Any CPU
		Release|Any CPU = Release|Any CPU
	EndGlobalSection
	GlobalSection(ProjectConfigurationPlatforms) = postSolution
		{9268B9E9-7FA1-42B1-A9D4-C7B0681DCD78}.Debug|Any CPU.ActiveCfg = Debug|Any CPU
		{9268B9E9-7FA1-42B1-A9D4-C7B0681DCD78}.Debug|Any CPU.Build.0 = Debug|Any CPU
		{9268B9E9-7FA1-42B1-A9D4-C7B0681DCD78}.Release|Any CPU.ActiveCfg = Release|Any CPU
		{9268B9E9-7FA1-42B1-A9D4-C7B0681DCD78}.Release|Any CPU.Build.0 = Release|Any CPU
		{E41DEB3F-1562-4A0F-AD50-2AAAE8BE8291}.Debug|Any CPU.ActiveCfg = Debug|Any CPU
		{E41DEB3F-1562-4A0F-AD50-2AAAE8BE8291}.Debug|Any CPU.Build.0 = Debug|Any CPU
		{E41DEB3F-1562-4A0F-AD50-2AAAE8BE8291}.Release|Any CPU.ActiveCfg = Release|Any CPU
		{E41DEB3F-1562-4A0F-AD50-2AAAE8BE8291}.Release|Any CPU.Build.0 = Release|Any CPU
	EndGlobalSection
EndGlobal
